
Microsoft Visual Studio Solution File, Format Version 12.00
# Visual Studio Version 16
VisualStudioVersion = 16.0.29001.49
MinimumVisualStudioVersion = 10.0.40219.1
Project("{FAE04EC0-301F-11D3-BF4B-00C04F79EFBC}") = "Orleans.TelemetryConsumers.ElasticSearch", "src\ElasticSearchTelemetryConsumer\Orleans.TelemetryConsumers.ElasticSearch.csproj", "{8A54E4AA-5C5E-479D-9DEB-C56A8FBB4E25}"
EndProject
Project("{FAE04EC0-301F-11D3-BF4B-00C04F79EFBC}") = "TestHost", "test\TestHost\TestHost.csproj", "{198CABB3-0ABF-47CB-8D7A-2D7D7AE69A2D}"
EndProject
Project("{FAE04EC0-301F-11D3-BF4B-00C04F79EFBC}") = "ESTester", "ESTester\ESTester.csproj", "{5337C6AB-D1F7-48DC-A155-D6A703CAB128}"
EndProject
Global
	GlobalSection(SolutionConfigurationPlatforms) = preSolution
		Debug|Any CPU = Debug|Any CPU
		Release with Analysis|Any CPU = Release with Analysis|Any CPU
		Release|Any CPU = Release|Any CPU
	EndGlobalSection
	GlobalSection(ProjectConfigurationPlatforms) = postSolution
		{8A54E4AA-5C5E-479D-9DEB-C56A8FBB4E25}.Debug|Any CPU.ActiveCfg = Debug|Any CPU
		{8A54E4AA-5C5E-479D-9DEB-C56A8FBB4E25}.Debug|Any CPU.Build.0 = Debug|Any CPU
		{8A54E4AA-5C5E-479D-9DEB-C56A8FBB4E25}.Release with Analysis|Any CPU.ActiveCfg = Release|Any CPU
		{8A54E4AA-5C5E-479D-9DEB-C56A8FBB4E25}.Release with Analysis|Any CPU.Build.0 = Release|Any CPU
		{8A54E4AA-5C5E-479D-9DEB-C56A8FBB4E25}.Release|Any CPU.ActiveCfg = Release|Any CPU
		{8A54E4AA-5C5E-479D-9DEB-C56A8FBB4E25}.Release|Any CPU.Build.0 = Release|Any CPU
		{198CABB3-0ABF-47CB-8D7A-2D7D7AE69A2D}.Debug|Any CPU.ActiveCfg = Debug|Any CPU
		{198CABB3-0ABF-47CB-8D7A-2D7D7AE69A2D}.Debug|Any CPU.Build.0 = Debug|Any CPU
		{198CABB3-0ABF-47CB-8D7A-2D7D7AE69A2D}.Release with Analysis|Any CPU.ActiveCfg = Release|Any CPU
		{198CABB3-0ABF-47CB-8D7A-2D7D7AE69A2D}.Release with Analysis|Any CPU.Build.0 = Release|Any CPU
		{198CABB3-0ABF-47CB-8D7A-2D7D7AE69A2D}.Release|Any CPU.ActiveCfg = Release|Any CPU
		{198CABB3-0ABF-47CB-8D7A-2D7D7AE69A2D}.Release|Any CPU.Build.0 = Release|Any CPU
		{5337C6AB-D1F7-48DC-A155-D6A703CAB128}.Debug|Any CPU.ActiveCfg = Debug|Any CPU
		{5337C6AB-D1F7-48DC-A155-D6A703CAB128}.Debug|Any CPU.Build.0 = Debug|Any CPU
		{5337C6AB-D1F7-48DC-A155-D6A703CAB128}.Release with Analysis|Any CPU.ActiveCfg = Release|Any CPU
		{5337C6AB-D1F7-48DC-A155-D6A703CAB128}.Release with Analysis|Any CPU.Build.0 = Release|Any CPU
		{5337C6AB-D1F7-48DC-A155-D6A703CAB128}.Release|Any CPU.ActiveCfg = Release|Any CPU
		{5337C6AB-D1F7-48DC-A155-D6A703CAB128}.Release|Any CPU.Build.0 = Release|Any CPU
	EndGlobalSection
	GlobalSection(SolutionProperties) = preSolution
		HideSolutionNode = FALSE
	EndGlobalSection
	GlobalSection(ExtensibilityGlobals) = postSolution
		SolutionGuid = {3BD13F56-982F-41BC-A282-82997EE4FF6F}
	EndGlobalSection
EndGlobal
